
Microsoft Visual Studio Solution File, Format Version 12.00
# Visual Studio 15
VisualStudioVersion = 15.0.28010.2046
MinimumVisualStudioVersion = 10.0.40219.1
Project("{FAE04EC0-301F-11D3-BF4B-00C04F79EFBC}") = "WSShamanFECAE-CSharp", "WSShamanFECAE-CSharp\WSShamanFECAE-CSharp.csproj", "{28065179-CA16-4555-9349-D5BF78D71E9D}"
EndProject
Project("{FAE04EC0-301F-11D3-BF4B-00C04F79EFBC}") = "ShamanClases_CSharp", "..\ShamanCache\Shaman\ShamanClases_CSharp\ShamanClases_CSharp.csproj", "{E9DEC2D3-6082-454D-8F3D-D2456286371D}"
EndProject
Project("{F184B08F-C81C-45F6-A57F-5ABD9991F28F}") = "ShamanClases", "..\ShamanCache\Shaman\ShamanClases\ShamanClases\ShamanClases.vbproj", "{C67374E5-C7FB-43BB-A9B4-436CBC2E7524}"
EndProject
Global
	GlobalSection(SolutionConfigurationPlatforms) = preSolution
		Debug|Any CPU = Debug|Any CPU
		Release|Any CPU = Release|Any CPU
	EndGlobalSection
	GlobalSection(ProjectConfigurationPlatforms) = postSolution
		{28065179-CA16-4555-9349-D5BF78D71E9D}.Debug|Any CPU.ActiveCfg = Debug|Any CPU
		{28065179-CA16-4555-9349-D5BF78D71E9D}.Debug|Any CPU.Build.0 = Debug|Any CPU
		{28065179-CA16-4555-9349-D5BF78D71E9D}.Release|Any CPU.ActiveCfg = Release|Any CPU
		{28065179-CA16-4555-9349-D5BF78D71E9D}.Release|Any CPU.Build.0 = Release|Any CPU
		{E9DEC2D3-6082-454D-8F3D-D2456286371D}.Debug|Any CPU.ActiveCfg = Debug|Any CPU
		{E9DEC2D3-6082-454D-8F3D-D2456286371D}.Debug|Any CPU.Build.0 = Debug|Any CPU
		{E9DEC2D3-6082-454D-8F3D-D2456286371D}.Release|Any CPU.ActiveCfg = Release|Any CPU
		{E9DEC2D3-6082-454D-8F3D-D2456286371D}.Release|Any CPU.Build.0 = Release|Any CPU
		{C67374E5-C7FB-43BB-A9B4-436CBC2E7524}.Debug|Any CPU.ActiveCfg = Debug|Any CPU
		{C67374E5-C7FB-43BB-A9B4-436CBC2E7524}.Debug|Any CPU.Build.0 = Debug|Any CPU
		{C67374E5-C7FB-43BB-A9B4-436CBC2E7524}.Release|Any CPU.ActiveCfg = Release|Any CPU
		{C67374E5-C7FB-43BB-A9B4-436CBC2E7524}.Release|Any CPU.Build.0 = Release|Any CPU
	EndGlobalSection
	GlobalSection(SolutionProperties) = preSolution
		HideSolutionNode = FALSE
	EndGlobalSection
	GlobalSection(ExtensibilityGlobals) = postSolution
		SolutionGuid = {3676BBE9-A79D-4C90-B15F-06A750A1ACAA}
	EndGlobalSection
EndGlobal
